// !$*UTF8*$!
{
	archiveVersion = 1;
	classes = {
	};
	objectVersion = 46;
	objects = {

/* Begin PBXBuildFile section */
		CF435A731C9B7EE10083034A /* main.m in Sources */ = {isa = PBXBuildFile; fileRef = CF435A721C9B7EE10083034A /* main.m */; };
		CF435A761C9B7EE10083034A /* AppDelegate.m in Sources */ = {isa = PBXBuildFile; fileRef = CF435A751C9B7EE10083034A /* AppDelegate.m */; };
		CF435A791C9B7EE10083034A /* ViewController.m in Sources */ = {isa = PBXBuildFile; fileRef = CF435A781C9B7EE10083034A /* ViewController.m */; };
		CF435A7C1C9B7EE10083034A /* Main.storyboard in Resources */ = {isa = PBXBuildFile; fileRef = CF435A7A1C9B7EE10083034A /* Main.storyboard */; };
		CF435A7E1C9B7EE10083034A /* Assets.xcassets in Resources */ = {isa = PBXBuildFile; fileRef = CF435A7D1C9B7EE10083034A /* Assets.xcassets */; };
		CF435A811C9B7EE10083034A /* LaunchScreen.storyboard in Resources */ = {isa = PBXBuildFile; fileRef = CF435A7F1C9B7EE10083034A /* LaunchScreen.storyboard */; };
		CF435A8C1C9B7EE10083034A /* Demo3_JS_GCDTests.m in Sources */ = {isa = PBXBuildFile; fileRef = CF435A8B1C9B7EE10083034A /* Demo3_JS_GCDTests.m */; };
		CF435A971C9B7EE10083034A /* Demo3_JS_GCDUITests.m in Sources */ = {isa = PBXBuildFile; fileRef = CF435A961C9B7EE10083034A /* Demo3_JS_GCDUITests.m */; };
/* End PBXBuildFile section */

/* Begin PBXContainerItemProxy section */
		CF435A881C9B7EE10083034A /* PBXContainerItemProxy */ = {
			isa = PBXContainerItemProxy;
			containerPortal = CF435A661C9B7EE10083034A /* Project object */;
			proxyType = 1;
			remoteGlobalIDString = CF435A6D1C9B7EE10083034A;
			remoteInfo = Demo3_JS_GCD;
		};
		CF435A931C9B7EE10083034A /* PBXContainerItemProxy */ = {
			isa = PBXContainerItemProxy;
			containerPortal = CF435A661C9B7EE10083034A /* Project object */;
			proxyType = 1;
			remoteGlobalIDString = CF435A6D1C9B7EE10083034A;
			remoteInfo = Demo3_JS_GCD;
		};
/* End PBXContainerItemProxy section */

/* Begin PBXFileReference section */
		CF435A6E1C9B7EE10083034A /* Demo3_JS_GCD.app */ = {isa = PBXFileReference; explicitFileType = wrapper.application; includeInIndex = 0; path = Demo3_JS_GCD.app; sourceTree = BUILT_PRODUCTS_DIR; };
		CF435A721C9B7EE10083034A /* main.m */ = {isa = PBXFileReference; lastKnownFileType = sourcecode.c.objc; path = main.m; sourceTree = "<group>"; };
		CF435A741C9B7EE10083034A /* AppDelegate.h */ = {isa = PBXFileReference; lastKnownFileType = sourcecode.c.h; path = AppDelegate.h; sourceTree = "<group>"; };
		CF435A751C9B7EE10083034A /* AppDelegate.m */ = {isa = PBXFileReference; lastKnownFileType = sourcecode.c.objc; path = AppDelegate.m; sourceTree = "<group>"; };
		CF435A771C9B7EE10083034A /* ViewController.h */ = {isa = PBXFileReference; lastKnownFileType = sourcecode.c.h; path = ViewController.h; sourceTree = "<group>"; };
		CF435A781C9B7EE10083034A /* ViewController.m */ = {isa = PBXFileReference; lastKnownFileType = sourcecode.c.objc; path = ViewController.m; sourceTree = "<group>"; };
		CF435A7B1C9B7EE10083034A /* Base */ = {isa = PBXFileReference; lastKnownFileType = file.storyboard; name = Base; path = Base.lproj/Main.storyboard; sourceTree = "<group>"; };
		CF435A7D1C9B7EE10083034A /* Assets.xcassets */ = {isa = PBXFileReference; lastKnownFileType = folder.assetcatalog; path = Assets.xcassets; sourceTree = "<group>"; };
		CF435A801C9B7EE10083034A /* Base */ = {isa = PBXFileReference; lastKnownFileType = file.storyboard; name = Base; path = Base.lproj/LaunchScreen.storyboard; sourceTree = "<group>"; };
		CF435A821C9B7EE10083034A /* Info.plist */ = {isa = PBXFileReference; lastKnownFileType = text.plist.xml; path = Info.plist; sourceTree = "<group>"; };
		CF435A871C9B7EE10083034A /* Demo3_JS_GCDTests.xctest */ = {isa = PBXFileReference; explicitFileType = wrapper.cfbundle; includeInIndex = 0; path = Demo3_JS_GCDTests.xctest; sourceTree = BUILT_PRODUCTS_DIR; };
		CF435A8B1C9B7EE10083034A /* Demo3_JS_GCDTests.m */ = {isa = PBXFileReference; lastKnownFileType = sourcecode.c.objc; path = Demo3_JS_GCDTests.m; sourceTree = "<group>"; };
		CF435A8D1C9B7EE10083034A /* Info.plist */ = {isa = PBXFileReference; lastKnownFileType = text.plist.xml; path = Info.plist; sourceTree = "<group>"; };
		CF435A921C9B7EE10083034A /* Demo3_JS_GCDUITests.xctest */ = {isa = PBXFileReference; explicitFileType = wrapper.cfbundle; includeInIndex = 0; path = Demo3_JS_GCDUITests.xctest; sourceTree = BUILT_PRODUCTS_DIR; };
		CF435A961C9B7EE10083034A /* Demo3_JS_GCDUITests.m */ = {isa = PBXFileReference; lastKnownFileType = sourcecode.c.objc; path = Demo3_JS_GCDUITests.m; sourceTree = "<group>"; };
		CF435A981C9B7EE10083034A /* Info.plist */ = {isa = PBXFileReference; lastKnownFileType = text.plist.xml; path = Info.plist; sourceTree = "<group>"; };
/* End PBXFileReference section */

/* Begin PBXFrameworksBuildPhase section */
		CF435A6B1C9B7EE10083034A /* Frameworks */ = {
			isa = PBXFrameworksBuildPhase;
			buildActionMask = 2147483647;
			files = (
			);
			runOnlyForDeploymentPostprocessing = 0;
		};
		CF435A841C9B7EE10083034A /* Frameworks */ = {
			isa = PBXFrameworksBuildPhase;
			buildActionMask = 2147483647;
			files = (
			);
			runOnlyForDeploymentPostprocessing = 0;
		};
		CF435A8F1C9B7EE10083034A /* Frameworks */ = {
			isa = PBXFrameworksBuildPhase;
			buildActionMask = 2147483647;
			files = (
			);
			runOnlyForDeploymentPostprocessing = 0;
		};
/* End PBXFrameworksBuildPhase section */

/* Begin PBXGroup section */
		CF435A651C9B7EE10083034A = {
			isa = PBXGroup;
			children = (
				CF435A701C9B7EE10083034A /* Demo3_JS_GCD */,
				CF435A8A1C9B7EE10083034A /* Demo3_JS_GCDTests */,
				CF435A951C9B7EE10083034A /* Demo3_JS_GCDUITests */,
				CF435A6F1C9B7EE10083034A /* Products */,
			);
			sourceTree = "<group>";
		};
		CF435A6F1C9B7EE10083034A /* Products */ = {
			isa = PBXGroup;
			children = (
				CF435A6E1C9B7EE10083034A /* Demo3_JS_GCD.app */,
				CF435A871C9B7EE10083034A /* Demo3_JS_GCDTests.xctest */,
				CF435A921C9B7EE10083034A /* Demo3_JS_GCDUITests.xctest */,
			);
			name = Products;
			sourceTree = "<group>";
		};
		CF435A701C9B7EE10083034A /* Demo3_JS_GCD */ = {
			isa = PBXGroup;
			children = (
				CF435A741C9B7EE10083034A /* AppDelegate.h */,
				CF435A751C9B7EE10083034A /* AppDelegate.m */,
				CF435A771C9B7EE10083034A /* ViewController.h */,
				CF435A781C9B7EE10083034A /* ViewController.m */,
				CF435A7A1C9B7EE10083034A /* Main.storyboard */,
				CF435A7D1C9B7EE10083034A /* Assets.xcassets */,
				CF435A7F1C9B7EE10083034A /* LaunchScreen.storyboard */,
				CF435A821C9B7EE10083034A /* Info.plist */,
				CF435A711C9B7EE10083034A /* Supporting Files */,
			);
			path = Demo3_JS_GCD;
			sourceTree = "<group>";
		};
		CF435A711C9B7EE10083034A /* Supporting Files */ = {
			isa = PBXGroup;
			children = (
				CF435A721C9B7EE10083034A /* main.m */,
			);
			name = "Supporting Files";
			sourceTree = "<group>";
		};
		CF435A8A1C9B7EE10083034A /* Demo3_JS_GCDTests */ = {
			isa = PBXGroup;
			children = (
				CF435A8B1C9B7EE10083034A /* Demo3_JS_GCDTests.m */,
				CF435A8D1C9B7EE10083034A /* Info.plist */,
			);
			path = Demo3_JS_GCDTests;
			sourceTree = "<group>";
		};
		CF435A951C9B7EE10083034A /* Demo3_JS_GCDUITests */ = {
			isa = PBXGroup;
			children = (
				CF435A961C9B7EE10083034A /* Demo3_JS_GCDUITests.m */,
				CF435A981C9B7EE10083034A /* Info.plist */,
			);
			path = Demo3_JS_GCDUITests;
			sourceTree = "<group>";
		};
/* End PBXGroup section */

/* Begin PBXNativeTarget section */
		CF435A6D1C9B7EE10083034A /* Demo3_JS_GCD */ = {
			isa = PBXNativeTarget;
			buildConfigurationList = CF435A9B1C9B7EE10083034A /* Build configuration list for PBXNativeTarget "Demo3_JS_GCD" */;
			buildPhases = (
				CF435A6A1C9B7EE10083034A /* Sources */,
				CF435A6B1C9B7EE10083034A /* Frameworks */,
				CF435A6C1C9B7EE10083034A /* Resources */,
			);
			buildRules = (
			);
			dependencies = (
			);
			name = Demo3_JS_GCD;
			productName = Demo3_JS_GCD;
			productReference = CF435A6E1C9B7EE10083034A /* Demo3_JS_GCD.app */;
			productType = "com.apple.product-type.application";
		};
		CF435A861C9B7EE10083034A /* Demo3_JS_GCDTests */ = {
			isa = PBXNativeTarget;
			buildConfigurationList = CF435A9E1C9B7EE10083034A /* Build configuration list for PBXNativeTarget "Demo3_JS_GCDTests" */;
			buildPhases = (
				CF435A831C9B7EE10083034A /* Sources */,
				CF435A841C9B7EE10083034A /* Frameworks */,
				CF435A851C9B7EE10083034A /* Resources */,
			);
			buildRules = (
			);
			dependencies = (
				CF435A891C9B7EE10083034A /* PBXTargetDependency */,
			);
			name = Demo3_JS_GCDTests;
			productName = Demo3_JS_GCDTests;
			productReference = CF435A871C9B7EE10083034A /* Demo3_JS_GCDTests.xctest */;
			productType = "com.apple.product-type.bundle.unit-test";
		};
		CF435A911C9B7EE10083034A /* Demo3_JS_GCDUITests */ = {
			isa = PBXNativeTarget;
			buildConfigurationList = CF435AA11C9B7EE10083034A /* Build configuration list for PBXNativeTarget "Demo3_JS_GCDUITests" */;
			buildPhases = (
				CF435A8E1C9B7EE10083034A /* Sources */,
				CF435A8F1C9B7EE10083034A /* Frameworks */,
				CF435A901C9B7EE10083034A /* Resources */,
			);
			buildRules = (
			);
			dependencies = (
				CF435A941C9B7EE10083034A /* PBXTargetDependency */,
			);
			name = Demo3_JS_GCDUITests;
			productName = Demo3_JS_GCDUITests;
			productReference = CF435A921C9B7EE10083034A /* Demo3_JS_GCDUITests.xctest */;
			productType = "com.apple.product-type.bundle.ui-testing";
		};
/* End PBXNativeTarget section */

/* Begin PBXProject section */
		CF435A661C9B7EE10083034A /* Project object */ = {
			isa = PBXProject;
			attributes = {
				LastUpgradeCheck = 0720;
				ORGANIZATIONNAME = jiangsu;
				TargetAttributes = {
					CF435A6D1C9B7EE10083034A = {
						CreatedOnToolsVersion = 7.2.1;
						DevelopmentTeam = 4SU7V64Q9J;
					};
					CF435A861C9B7EE10083034A = {
						CreatedOnToolsVersion = 7.2.1;
						DevelopmentTeam = 4SU7V64Q9J;
						TestTargetID = CF435A6D1C9B7EE10083034A;
					};
					CF435A911C9B7EE10083034A = {
						CreatedOnToolsVersion = 7.2.1;
						DevelopmentTeam = 4SU7V64Q9J;
						TestTargetID = CF435A6D1C9B7EE10083034A;
					};
				};
			};
			buildConfigurationList = CF435A691C9B7EE10083034A /* Build configuration list for PBXProject "Demo3_JS_GCD" */;
			compatibilityVersion = "Xcode 3.2";
			developmentRegion = English;
			hasScannedForEncodings = 0;
			knownRegions = (
				en,
				Base,
			);
			mainGroup = CF435A651C9B7EE10083034A;
			productRefGroup = CF435A6F1C9B7EE10083034A /* Products */;
			projectDirPath = "";
			projectRoot = "";
			targets = (
				CF435A6D1C9B7EE10083034A /* Demo3_JS_GCD */,
				CF435A861C9B7EE10083034A /* Demo3_JS_GCDTests */,
				CF435A911C9B7EE10083034A /* Demo3_JS_GCDUITests */,
			);
		};
/* End PBXProject section */

/* Begin PBXResourcesBuildPhase section */
		CF435A6C1C9B7EE10083034A /* Resources */ = {
			isa = PBXResourcesBuildPhase;
			buildActionMask = 2147483647;
			files = (
				CF435A811C9B7EE10083034A /* LaunchScreen.storyboard in Resources */,
				CF435A7E1C9B7EE10083034A /* Assets.xcassets in Resources */,
				CF435A7C1C9B7EE10083034A /* Main.storyboard in Resources */,
			);
			runOnlyForDeploymentPostprocessing = 0;
		};
		CF435A851C9B7EE10083034A /* Resources */ = {
			isa = PBXResourcesBuildPhase;
			buildActionMask = 2147483647;
			files = (
			);
			runOnlyForDeploymentPostprocessing = 0;
		};
		CF435A901C9B7EE10083034A /* Resources */ = {
			isa = PBXResourcesBuildPhase;
			buildActionMask = 2147483647;
			files = (
			);
			runOnlyForDeploymentPostprocessing = 0;
		};
/* End PBXResourcesBuildPhase section */

/* Begin PBXSourcesBuildPhase section */
		CF435A6A1C9B7EE10083034A /* Sources */ = {
			isa = PBXSourcesBuildPhase;
			buildActionMask = 2147483647;
			files = (
				CF435A791C9B7EE10083034A /* ViewController.m in Sources */,
				CF435A761C9B7EE10083034A /* AppDelegate.m in Sources */,
				CF435A731C9B7EE10083034A /* main.m in Sources */,
			);
			runOnlyForDeploymentPostprocessing = 0;
		};
		CF435A831C9B7EE10083034A /* Sources */ = {
			isa = PBXSourcesBuildPhase;
			buildActionMask = 2147483647;
			files = (
				CF435A8C1C9B7EE10083034A /* Demo3_JS_GCDTests.m in Sources */,
			);
			runOnlyForDeploymentPostprocessing = 0;
		};
		CF435A8E1C9B7EE10083034A /* Sources */ = {
			isa = PBXSourcesBuildPhase;
			buildActionMask = 2147483647;
			files = (
				CF435A971C9B7EE10083034A /* Demo3_JS_GCDUITests.m in Sources */,
			);
			runOnlyForDeploymentPostprocessing = 0;
		};
/* End PBXSourcesBuildPhase section */

/* Begin PBXTargetDependency section */
		CF435A891C9B7EE10083034A /* PBXTargetDependency */ = {
			isa = PBXTargetDependency;
			target = CF435A6D1C9B7EE10083034A /* Demo3_JS_GCD */;
			targetProxy = CF435A881C9B7EE10083034A /* PBXContainerItemProxy */;
		};
		CF435A941C9B7EE10083034A /* PBXTargetDependency */ = {
			isa = PBXTargetDependency;
			target = CF435A6D1C9B7EE10083034A /* Demo3_JS_GCD */;
			targetProxy = CF435A931C9B7EE10083034A /* PBXContainerItemProxy */;
		};
/* End PBXTargetDependency section */

/* Begin PBXVariantGroup section */
		CF435A7A1C9B7EE10083034A /* Main.storyboard */ = {
			isa = PBXVariantGroup;
			children = (
				CF435A7B1C9B7EE10083034A /* Base */,
			);
			name = Main.storyboard;
			sourceTree = "<group>";
		};
		CF435A7F1C9B7EE10083034A /* LaunchScreen.storyboard */ = {
			isa = PBXVariantGroup;
			children = (
				CF435A801C9B7EE10083034A /* Base */,
			);
			name = LaunchScreen.storyboard;
			sourceTree = "<group>";
		};
/* End PBXVariantGroup section */

/* Begin XCBuildConfiguration section */
		CF435A991C9B7EE10083034A /* Debug */ = {
			isa = XCBuildConfiguration;
			buildSettings = {
				ALWAYS_SEARCH_USER_PATHS = NO;
				CLANG_CXX_LANGUAGE_STANDARD = "gnu++0x";
				CLANG_CXX_LIBRARY = "libc++";
				CLANG_ENABLE_MODULES = YES;
				CLANG_ENABLE_OBJC_ARC = YES;
				CLANG_WARN_BOOL_CONVERSION = YES;
				CLANG_WARN_CONSTANT_CONVERSION = YES;
				CLANG_WARN_DIRECT_OBJC_ISA_USAGE = YES_ERROR;
				CLANG_WARN_EMPTY_BODY = YES;
				CLANG_WARN_ENUM_CONVERSION = YES;
				CLANG_WARN_INT_CONVERSION = YES;
				CLANG_WARN_OBJC_ROOT_CLASS = YES_ERROR;
				CLANG_WARN_UNREACHABLE_CODE = YES;
				CLANG_WARN__DUPLICATE_METHOD_MATCH = YES;
				"CODE_SIGN_IDENTITY[sdk=iphoneos*]" = "iPhone Developer";
				COPY_PHASE_STRIP = NO;
				DEBUG_INFORMATION_FORMAT = dwarf;
				ENABLE_STRICT_OBJC_MSGSEND = YES;
				ENABLE_TESTABILITY = YES;
				GCC_C_LANGUAGE_STANDARD = gnu99;
				GCC_DYNAMIC_NO_PIC = NO;
				GCC_NO_COMMON_BLOCKS = YES;
				GCC_OPTIMIZATION_LEVEL = 0;
				GCC_PREPROCESSOR_DEFINITIONS = (
					"DEBUG=1",
					"$(inherited)",
				);
				GCC_WARN_64_TO_32_BIT_CONVERSION = YES;
				GCC_WARN_ABOUT_RETURN_TYPE = YES_ERROR;
				GCC_WARN_UNDECLARED_SELECTOR = YES;
				GCC_WARN_UNINITIALIZED_AUTOS = YES_AGGRESSIVE;
				GCC_WARN_UNUSED_FUNCTION = YES;
				GCC_WARN_UNUSED_VARIABLE = YES;
				IPHONEOS_DEPLOYMENT_TARGET = 9.2;
				MTL_ENABLE_DEBUG_INFO = YES;
				ONLY_ACTIVE_ARCH = YES;
				SDKROOT = iphoneos;
			};
			name = Debug;
		};
		CF435A9A1C9B7EE10083034A /* Release */ = {
			isa = XCBuildConfiguration;
			buildSettings = {
				ALWAYS_SEARCH_USER_PATHS = NO;
				CLANG_CXX_LANGUAGE_STANDARD = "gnu++0x";
				CLANG_CXX_LIBRARY = "libc++";
				CLANG_ENABLE_MODULES = YES;
				CLANG_ENABLE_OBJC_ARC = YES;
				CLANG_WARN_BOOL_CONVERSION = YES;
				CLANG_WARN_CONSTANT_CONVERSION = YES;
				CLANG_WARN_DIRECT_OBJC_ISA_USAGE = YES_ERROR;
				CLANG_WARN_EMPTY_BODY = YES;
				CLANG_WARN_ENUM_CONVERSION = YES;
				CLANG_WARN_INT_CONVERSION = YES;
				CLANG_WARN_OBJC_ROOT_CLASS = YES_ERROR;
				CLANG_WARN_UNREACHABLE_CODE = YES;
				CLANG_WARN__DUPLICATE_METHOD_MATCH = YES;
				"CODE_SIGN_IDENTITY[sdk=iphoneos*]" = "iPhone Developer";
				COPY_PHASE_STRIP = NO;
				DEBUG_INFORMATION_FORMAT = "dwarf-with-dsym";
				ENABLE_NS_ASSERTIONS = NO;
				ENABLE_STRICT_OBJC_MSGSEND = YES;
				GCC_C_LANGUAGE_STANDARD = gnu99;
				GCC_NO_COMMON_BLOCKS = YES;
				GCC_WARN_64_TO_32_BIT_CONVERSION = YES;
				GCC_WARN_ABOUT_RETURN_TYPE = YES_ERROR;
				GCC_WARN_UNDECLARED_SELECTOR = YES;
				GCC_WARN_UNINITIALIZED_AUTOS = YES_AGGRESSIVE;
				GCC_WARN_UNUSED_FUNCTION = YES;
				GCC_WARN_UNUSED_VARIABLE = YES;
				IPHONEOS_DEPLOYMENT_TARGET = 9.2;
				MTL_ENABLE_DEBUG_INFO = NO;
				SDKROOT = iphoneos;
				VALIDATE_PRODUCT = YES;
			};
			name = Release;
		};
		CF435A9C1C9B7EE10083034A /* Debug */ = {
			isa = XCBuildConfiguration;
			buildSettings = {
				ASSETCATALOG_COMPILER_APPICON_NAME = AppIcon;
				INFOPLIST_FILE = Demo3_JS_GCD/Info.plist;
				LD_RUNPATH_SEARCH_PATHS = "$(inherited) @executable_path/Frameworks";
				PRODUCT_BUNDLE_IDENTIFIER = "com.jiangsu.Demo3-JS-GCD";
				PRODUCT_NAME = "$(TARGET_NAME)";
			};
			name = Debug;
		};
		CF435A9D1C9B7EE10083034A /* Release */ = {
			isa = XCBuildConfiguration;
			buildSettings = {
				ASSETCATALOG_COMPILER_APPICON_NAME = AppIcon;
				INFOPLIST_FILE = Demo3_JS_GCD/Info.plist;
				LD_RUNPATH_SEARCH_PATHS = "$(inherited) @executable_path/Frameworks";
				PRODUCT_BUNDLE_IDENTIFIER = "com.jiangsu.Demo3-JS-GCD";
				PRODUCT_NAME = "$(TARGET_NAME)";
			};
			name = Release;
		};
		CF435A9F1C9B7EE10083034A /* Debug */ = {
			isa = XCBuildConfiguration;
			buildSettings = {
				BUNDLE_LOADER = "$(TEST_HOST)";
				INFOPLIST_FILE = Demo3_JS_GCDTests/Info.plist;
				LD_RUNPATH_SEARCH_PATHS = "$(inherited) @executable_path/Frameworks @loader_path/Frameworks";
				PRODUCT_BUNDLE_IDENTIFIER = "com.jiangsu.Demo3-JS-GCDTests";
				PRODUCT_NAME = "$(TARGET_NAME)";
				TEST_HOST = "$(BUILT_PRODUCTS_DIR)/Demo3_JS_GCD.app/Demo3_JS_GCD";
			};
			name = Debug;
		};
		CF435AA01C9B7EE10083034A /* Release */ = {
			isa = XCBuildConfiguration;
			buildSettings = {
				BUNDLE_LOADER = "$(TEST_HOST)";
				INFOPLIST_FILE = Demo3_JS_GCDTests/Info.plist;
				LD_RUNPATH_SEARCH_PATHS = "$(inherited) @executable_path/Frameworks @loader_path/Frameworks";
				PRODUCT_BUNDLE_IDENTIFIER = "com.jiangsu.Demo3-JS-GCDTests";
				PRODUCT_NAME = "$(TARGET_NAME)";
				TEST_HOST = "$(BUILT_PRODUCTS_DIR)/Demo3_JS_GCD.app/Demo3_JS_GCD";
			};
			name = Release;
		};
		CF435AA21C9B7EE10083034A /* Debug */ = {
			isa = XCBuildConfiguration;
			buildSettings = {
				INFOPLIST_FILE = Demo3_JS_GCDUITests/Info.plist;
				LD_RUNPATH_SEARCH_PATHS = "$(inherited) @executable_path/Frameworks @loader_path/Frameworks";
				PRODUCT_BUNDLE_IDENTIFIER = "com.jiangsu.Demo3-JS-GCDUITests";
				PRODUCT_NAME = "$(TARGET_NAME)";
				TEST_TARGET_NAME = Demo3_JS_GCD;
				USES_XCTRUNNER = YES;
			};
			name = Debug;
		};
		CF435AA31C9B7EE10083034A /* Release */ = {
			isa = XCBuildConfiguration;
			buildSettings = {
				INFOPLIST_FILE = Demo3_JS_GCDUITests/Info.plist;
				LD_RUNPATH_SEARCH_PATHS = "$(inherited) @executable_path/Frameworks @loader_path/Frameworks";
				PRODUCT_BUNDLE_IDENTIFIER = "com.jiangsu.Demo3-JS-GCDUITests";
				PRODUCT_NAME = "$(TARGET_NAME)";
				TEST_TARGET_NAME = Demo3_JS_GCD;
				USES_XCTRUNNER = YES;
			};
			name = Release;
		};
/* End XCBuildConfiguration section */

/* Begin XCConfigurationList section */
		CF435A691C9B7EE10083034A /* Build configuration list for PBXProject "Demo3_JS_GCD" */ = {
			isa = XCConfigurationList;
			buildConfigurations = (
				CF435A991C9B7EE10083034A /* Debug */,
				CF435A9A1C9B7EE10083034A /* Release */,
			);
			defaultConfigurationIsVisible = 0;
			defaultConfigurationName = Release;
		};
		CF435A9B1C9B7EE10083034A /* Build configuration list for PBXNativeTarget "Demo3_JS_GCD" */ = {
			isa = XCConfigurationList;
			buildConfigurations = (
				CF435A9C1C9B7EE10083034A /* Debug */,
				CF435A9D1C9B7EE10083034A /* Release */,
			);
			defaultConfigurationIsVisible = 0;
		};
		CF435A9E1C9B7EE10083034A /* Build configuration list for PBXNativeTarget "Demo3_JS_GCDTests" */ = {
			isa = XCConfigurationList;
			buildConfigurations = (
				CF435A9F1C9B7EE10083034A /* Debug */,
				CF435AA01C9B7EE10083034A /* Release */,
			);
			defaultConfigurationIsVisible = 0;
		};
		CF435AA11C9B7EE10083034A /* Build configuration list for PBXNativeTarget "Demo3_JS_GCDUITests" */ = {
			isa = XCConfigurationList;
			buildConfigurations = (
				CF435AA21C9B7EE10083034A /* Debug */,
				CF435AA31C9B7EE10083034A /* Release */,
			);
			defaultConfigurationIsVisible = 0;
		};
/* End XCConfigurationList section */
	};
	rootObject = CF435A661C9B7EE10083034A /* Project object */;
}
